// !$*UTF8*$!
{
	archiveVersion = 1;
	classes = {
	};
	objectVersion = 51;
	objects = {

/* Begin PBXBuildFile section */
		601EEF0224E44BF500F64E6F /* CreateAccountViewController.swift in Sources */ = {isa = PBXBuildFile; fileRef = 601EEF0124E44BF500F64E6F /* CreateAccountViewController.swift */; };
		6073906524E24CCE00A4DF50 /* GoogleService-Info.plist in Resources */ = {isa = PBXBuildFile; fileRef = 6073906424E24CCE00A4DF50 /* GoogleService-Info.plist */; };
		6073906924E24EDA00A4DF50 /* SceneDelegate.swift in Sources */ = {isa = PBXBuildFile; fileRef = 6073906824E24EDA00A4DF50 /* SceneDelegate.swift */; };
		60A3902024E601470082CB9C /* DateToString.swift in Sources */ = {isa = PBXBuildFile; fileRef = 60A3901F24E601470082CB9C /* DateToString.swift */; };
		60A3902224E60DFB0082CB9C /* StorageService.swift in Sources */ = {isa = PBXBuildFile; fileRef = 60A3902124E60DFB0082CB9C /* StorageService.swift */; };
		60A3902424E62CFA0082CB9C /* User.swift in Sources */ = {isa = PBXBuildFile; fileRef = 60A3902324E62CFA0082CB9C /* User.swift */; };
		60A3902624E64EB00082CB9C /* UserService.swift in Sources */ = {isa = PBXBuildFile; fileRef = 60A3902524E64EB00082CB9C /* UserService.swift */; };
		60A3902B24E6F2760082CB9C /* CoreDataHelper.swift in Sources */ = {isa = PBXBuildFile; fileRef = 60A3902A24E6F2760082CB9C /* CoreDataHelper.swift */; };
		60A3902E24E704F20082CB9C /* Note.xcdatamodeld in Sources */ = {isa = PBXBuildFile; fileRef = 60A3902C24E704F20082CB9C /* Note.xcdatamodeld */; };
		60C0FDD424E598D7002EE8CA /* Constants.swift in Sources */ = {isa = PBXBuildFile; fileRef = 60C0FDD324E598D7002EE8CA /* Constants.swift */; };
		60C0FDD624E59A5C002EE8CA /* StoryboardAndUtility.swift in Sources */ = {isa = PBXBuildFile; fileRef = 60C0FDD524E59A5C002EE8CA /* StoryboardAndUtility.swift */; };
		60C0FDDA24E5B3AD002EE8CA /* ListNotesTableViewController.swift in Sources */ = {isa = PBXBuildFile; fileRef = 60C0FDD924E5B3AD002EE8CA /* ListNotesTableViewController.swift */; };
		60C0FDDC24E5B43C002EE8CA /* DisplayNoteViewController.swift in Sources */ = {isa = PBXBuildFile; fileRef = 60C0FDDB24E5B43C002EE8CA /* DisplayNoteViewController.swift */; };
		60C0FDDE24E5E594002EE8CA /* ListNotesTableViewCell.swift in Sources */ = {isa = PBXBuildFile; fileRef = 60C0FDDD24E5E594002EE8CA /* ListNotesTableViewCell.swift */; };
		60C2282024E239EC00F065CA /* AppDelegate.swift in Sources */ = {isa = PBXBuildFile; fileRef = 60C2281F24E239EC00F065CA /* AppDelegate.swift */; };
		60C2282724E239EC00F065CA /* Main.storyboard in Resources */ = {isa = PBXBuildFile; fileRef = 60C2282524E239EC00F065CA /* Main.storyboard */; };
		60C2282924E239EF00F065CA /* Assets.xcassets in Resources */ = {isa = PBXBuildFile; fileRef = 60C2282824E239EF00F065CA /* Assets.xcassets */; };
		60C2282C24E239EF00F065CA /* LaunchScreen.storyboard in Resources */ = {isa = PBXBuildFile; fileRef = 60C2282A24E239EF00F065CA /* LaunchScreen.storyboard */; };
		60C2283E24E23FBB00F065CA /* Login.storyboard in Resources */ = {isa = PBXBuildFile; fileRef = 60C2283D24E23FBB00F065CA /* Login.storyboard */; };
		60C2284024E2401C00F065CA /* LoginViewController.swift in Sources */ = {isa = PBXBuildFile; fileRef = 60C2283F24E2401C00F065CA /* LoginViewController.swift */; };
		82F0B6EA8E48BF8ADAD8830C /* Pods_lhsplanner.framework in Frameworks */ = {isa = PBXBuildFile; fileRef = 6C7A1481323D701F9E694A6A /* Pods_lhsplanner.framework */; };
/* End PBXBuildFile section */

/* Begin PBXFileReference section */
		4C15C2E428C85C5409146326 /* Pods-lhsplanner.debug.xcconfig */ = {isa = PBXFileReference; includeInIndex = 1; lastKnownFileType = text.xcconfig; name = "Pods-lhsplanner.debug.xcconfig"; path = "Target Support Files/Pods-lhsplanner/Pods-lhsplanner.debug.xcconfig"; sourceTree = "<group>"; };
		583CACF58493C89966401E1C /* Pods-lhsplanner.release.xcconfig */ = {isa = PBXFileReference; includeInIndex = 1; lastKnownFileType = text.xcconfig; name = "Pods-lhsplanner.release.xcconfig"; path = "Target Support Files/Pods-lhsplanner/Pods-lhsplanner.release.xcconfig"; sourceTree = "<group>"; };
		601EEF0124E44BF500F64E6F /* CreateAccountViewController.swift */ = {isa = PBXFileReference; lastKnownFileType = sourcecode.swift; path = CreateAccountViewController.swift; sourceTree = "<group>"; };
		6073906424E24CCE00A4DF50 /* GoogleService-Info.plist */ = {isa = PBXFileReference; fileEncoding = 4; lastKnownFileType = text.plist.xml; name = "GoogleService-Info.plist"; path = "../../../../../../Downloads/GoogleService-Info.plist"; sourceTree = "<group>"; };
		6073906824E24EDA00A4DF50 /* SceneDelegate.swift */ = {isa = PBXFileReference; lastKnownFileType = sourcecode.swift; path = SceneDelegate.swift; sourceTree = "<group>"; };
		60A3901F24E601470082CB9C /* DateToString.swift */ = {isa = PBXFileReference; lastKnownFileType = sourcecode.swift; path = DateToString.swift; sourceTree = "<group>"; };
		60A3902124E60DFB0082CB9C /* StorageService.swift */ = {isa = PBXFileReference; lastKnownFileType = sourcecode.swift; path = StorageService.swift; sourceTree = "<group>"; };
		60A3902324E62CFA0082CB9C /* User.swift */ = {isa = PBXFileReference; lastKnownFileType = sourcecode.swift; path = User.swift; sourceTree = "<group>"; };
		60A3902524E64EB00082CB9C /* UserService.swift */ = {isa = PBXFileReference; lastKnownFileType = sourcecode.swift; path = UserService.swift; sourceTree = "<group>"; };
		60A3902A24E6F2760082CB9C /* CoreDataHelper.swift */ = {isa = PBXFileReference; lastKnownFileType = sourcecode.swift; path = CoreDataHelper.swift; sourceTree = "<group>"; };
		60A3902D24E704F20082CB9C /* Note.xcdatamodel */ = {isa = PBXFileReference; lastKnownFileType = wrapper.xcdatamodel; path = Note.xcdatamodel; sourceTree = "<group>"; };
		60C0FDD324E598D7002EE8CA /* Constants.swift */ = {isa = PBXFileReference; lastKnownFileType = sourcecode.swift; path = Constants.swift; sourceTree = "<group>"; };
		60C0FDD524E59A5C002EE8CA /* StoryboardAndUtility.swift */ = {isa = PBXFileReference; lastKnownFileType = sourcecode.swift; path = StoryboardAndUtility.swift; sourceTree = "<group>"; };
		60C0FDD924E5B3AD002EE8CA /* ListNotesTableViewController.swift */ = {isa = PBXFileReference; lastKnownFileType = sourcecode.swift; path = ListNotesTableViewController.swift; sourceTree = "<group>"; };
		60C0FDDB24E5B43C002EE8CA /* DisplayNoteViewController.swift */ = {isa = PBXFileReference; lastKnownFileType = sourcecode.swift; path = DisplayNoteViewController.swift; sourceTree = "<group>"; };
		60C0FDDD24E5E594002EE8CA /* ListNotesTableViewCell.swift */ = {isa = PBXFileReference; lastKnownFileType = sourcecode.swift; path = ListNotesTableViewCell.swift; sourceTree = "<group>"; };
		60C2281C24E239EC00F065CA /* lhsplanner.app */ = {isa = PBXFileReference; explicitFileType = wrapper.application; includeInIndex = 0; path = lhsplanner.app; sourceTree = BUILT_PRODUCTS_DIR; };
		60C2281F24E239EC00F065CA /* AppDelegate.swift */ = {isa = PBXFileReference; lastKnownFileType = sourcecode.swift; path = AppDelegate.swift; sourceTree = "<group>"; };
		60C2282624E239EC00F065CA /* Base */ = {isa = PBXFileReference; lastKnownFileType = file.storyboard; name = Base; path = Base.lproj/Main.storyboard; sourceTree = "<group>"; };
		60C2282824E239EF00F065CA /* Assets.xcassets */ = {isa = PBXFileReference; lastKnownFileType = folder.assetcatalog; path = Assets.xcassets; sourceTree = "<group>"; };
		60C2282B24E239EF00F065CA /* Base */ = {isa = PBXFileReference; lastKnownFileType = file.storyboard; name = Base; path = Base.lproj/LaunchScreen.storyboard; sourceTree = "<group>"; };
		60C2282D24E239EF00F065CA /* Info.plist */ = {isa = PBXFileReference; lastKnownFileType = text.plist.xml; path = Info.plist; sourceTree = "<group>"; };
		60C2283D24E23FBB00F065CA /* Login.storyboard */ = {isa = PBXFileReference; lastKnownFileType = file.storyboard; path = Login.storyboard; sourceTree = "<group>"; };
		60C2283F24E2401C00F065CA /* LoginViewController.swift */ = {isa = PBXFileReference; lastKnownFileType = sourcecode.swift; path = LoginViewController.swift; sourceTree = "<group>"; };
		6C7A1481323D701F9E694A6A /* Pods_lhsplanner.framework */ = {isa = PBXFileReference; explicitFileType = wrapper.framework; includeInIndex = 0; path = Pods_lhsplanner.framework; sourceTree = BUILT_PRODUCTS_DIR; };
/* End PBXFileReference section */

/* Begin PBXFrameworksBuildPhase section */
		60C2281924E239EC00F065CA /* Frameworks */ = {
			isa = PBXFrameworksBuildPhase;
			buildActionMask = 2147483647;
			files = (
				82F0B6EA8E48BF8ADAD8830C /* Pods_lhsplanner.framework in Frameworks */,
			);
			runOnlyForDeploymentPostprocessing = 0;
		};
/* End PBXFrameworksBuildPhase section */

/* Begin PBXGroup section */
		60C2281324E239EC00F065CA = {
			isa = PBXGroup;
			children = (
				60C2281E24E239EC00F065CA /* lhsplanner */,
				60C2281D24E239EC00F065CA /* Products */,
				C1868E5E99288EDE76287871 /* Pods */,
				93CCD077F44BF73649CB6F84 /* Frameworks */,
			);
			sourceTree = "<group>";
		};
		60C2281D24E239EC00F065CA /* Products */ = {
			isa = PBXGroup;
			children = (
				60C2281C24E239EC00F065CA /* lhsplanner.app */,
			);
			name = Products;
			sourceTree = "<group>";
		};
		60C2281E24E239EC00F065CA /* lhsplanner */ = {
			isa = PBXGroup;
			children = (
				60C2281F24E239EC00F065CA /* AppDelegate.swift */,
				6073906824E24EDA00A4DF50 /* SceneDelegate.swift */,
				60C2283C24E23E4800F065CA /* Services */,
				60C2283B24E23E3E00F065CA /* Models */,
				60C2283A24E23E3700F065CA /* Controllers */,
				60C2283924E23E3200F065CA /* Views */,
				60C2283824E23E2A00F065CA /* Helpers */,
				60C2283724E23E2000F065CA /* Storyboards */,
				60C2282824E239EF00F065CA /* Assets.xcassets */,
				60C2283624E23E0E00F065CA /* Extensions */,
				60C2283524E23E0200F065CA /* Supporting Files */,
				60A3902C24E704F20082CB9C /* Note.xcdatamodeld */,
			);
			path = lhsplanner;
			sourceTree = "<group>";
		};
		60C2283524E23E0200F065CA /* Supporting Files */ = {
			isa = PBXGroup;
			children = (
				6073906424E24CCE00A4DF50 /* GoogleService-Info.plist */,
				60C2282D24E239EF00F065CA /* Info.plist */,
				60C0FDD324E598D7002EE8CA /* Constants.swift */,
			);
			path = "Supporting Files";
			sourceTree = "<group>";
		};
		60C2283624E23E0E00F065CA /* Extensions */ = {
			isa = PBXGroup;
			children = (
				60C0FDD524E59A5C002EE8CA /* StoryboardAndUtility.swift */,
				60A3901F24E601470082CB9C /* DateToString.swift */,
			);
			path = Extensions;
			sourceTree = "<group>";
		};
		60C2283724E23E2000F065CA /* Storyboards */ = {
			isa = PBXGroup;
			children = (
				60C2282524E239EC00F065CA /* Main.storyboard */,
				60C2282A24E239EF00F065CA /* LaunchScreen.storyboard */,
				60C2283D24E23FBB00F065CA /* Login.storyboard */,
			);
			path = Storyboards;
			sourceTree = "<group>";
		};
		60C2283824E23E2A00F065CA /* Helpers */ = {
			isa = PBXGroup;
			children = (
				60A3902A24E6F2760082CB9C /* CoreDataHelper.swift */,
			);
			path = Helpers;
			sourceTree = "<group>";
		};
		60C2283924E23E3200F065CA /* Views */ = {
			isa = PBXGroup;
			children = (
				60C0FDDD24E5E594002EE8CA /* ListNotesTableViewCell.swift */,
			);
			path = Views;
			sourceTree = "<group>";
		};
		60C2283A24E23E3700F065CA /* Controllers */ = {
			isa = PBXGroup;
			children = (
				60C2283F24E2401C00F065CA /* LoginViewController.swift */,
				601EEF0124E44BF500F64E6F /* CreateAccountViewController.swift */,
				60C0FDD924E5B3AD002EE8CA /* ListNotesTableViewController.swift */,
				60C0FDDB24E5B43C002EE8CA /* DisplayNoteViewController.swift */,
			);
			path = Controllers;
			sourceTree = "<group>";
		};
		60C2283B24E23E3E00F065CA /* Models */ = {
			isa = PBXGroup;
			children = (
				60A3902324E62CFA0082CB9C /* User.swift */,
			);
			path = Models;
			sourceTree = "<group>";
		};
		60C2283C24E23E4800F065CA /* Services */ = {
			isa = PBXGroup;
			children = (
				60A3902124E60DFB0082CB9C /* StorageService.swift */,
				60A3902524E64EB00082CB9C /* UserService.swift */,
			);
			path = Services;
			sourceTree = "<group>";
		};
		93CCD077F44BF73649CB6F84 /* Frameworks */ = {
			isa = PBXGroup;
			children = (
				6C7A1481323D701F9E694A6A /* Pods_lhsplanner.framework */,
			);
			name = Frameworks;
			sourceTree = "<group>";
		};
		C1868E5E99288EDE76287871 /* Pods */ = {
			isa = PBXGroup;
			children = (
				4C15C2E428C85C5409146326 /* Pods-lhsplanner.debug.xcconfig */,
				583CACF58493C89966401E1C /* Pods-lhsplanner.release.xcconfig */,
			);
			path = Pods;
			sourceTree = "<group>";
		};
/* End PBXGroup section */

/* Begin PBXNativeTarget section */
		60C2281B24E239EC00F065CA /* lhsplanner */ = {
			isa = PBXNativeTarget;
			buildConfigurationList = 60C2283024E239EF00F065CA /* Build configuration list for PBXNativeTarget "lhsplanner" */;
			buildPhases = (
				CBA9C417B8C3E4A0AE3F4269 /* [CP] Check Pods Manifest.lock */,
				60C2281824E239EC00F065CA /* Sources */,
				60C2281924E239EC00F065CA /* Frameworks */,
				60C2281A24E239EC00F065CA /* Resources */,
				235A5A7A87438269BDD457A2 /* [CP] Embed Pods Frameworks */,
				CC4D781D26696F92E22287A8 /* [CP] Copy Pods Resources */,
			);
			buildRules = (
			);
			dependencies = (
			);
			name = lhsplanner;
			productName = lhsplanner;
			productReference = 60C2281C24E239EC00F065CA /* lhsplanner.app */;
			productType = "com.apple.product-type.application";
		};
/* End PBXNativeTarget section */

/* Begin PBXProject section */
		60C2281424E239EC00F065CA /* Project object */ = {
			isa = PBXProject;
			attributes = {
				LastSwiftUpdateCheck = 1160;
				LastUpgradeCheck = 1160;
				ORGANIZATIONNAME = caye;
				TargetAttributes = {
					60C2281B24E239EC00F065CA = {
						CreatedOnToolsVersion = 11.6;
					};
				};
			};
			buildConfigurationList = 60C2281724E239EC00F065CA /* Build configuration list for PBXProject "lhsplanner" */;
			compatibilityVersion = "Xcode 9.3";
			developmentRegion = en;
			hasScannedForEncodings = 0;
			knownRegions = (
				en,
				Base,
			);
			mainGroup = 60C2281324E239EC00F065CA;
			productRefGroup = 60C2281D24E239EC00F065CA /* Products */;
			projectDirPath = "";
			projectRoot = "";
			targets = (
				60C2281B24E239EC00F065CA /* lhsplanner */,
			);
		};
/* End PBXProject section */

/* Begin PBXResourcesBuildPhase section */
		60C2281A24E239EC00F065CA /* Resources */ = {
			isa = PBXResourcesBuildPhase;
			buildActionMask = 2147483647;
			files = (
				60C2282C24E239EF00F065CA /* LaunchScreen.storyboard in Resources */,
				60C2282924E239EF00F065CA /* Assets.xcassets in Resources */,
				6073906524E24CCE00A4DF50 /* GoogleService-Info.plist in Resources */,
				60C2283E24E23FBB00F065CA /* Login.storyboard in Resources */,
				60C2282724E239EC00F065CA /* Main.storyboard in Resources */,
			);
			runOnlyForDeploymentPostprocessing = 0;
		};
/* End PBXResourcesBuildPhase section */

/* Begin PBXShellScriptBuildPhase section */
		235A5A7A87438269BDD457A2 /* [CP] Embed Pods Frameworks */ = {
			isa = PBXShellScriptBuildPhase;
			buildActionMask = 2147483647;
			files = (
			);
			inputFileListPaths = (
				"${PODS_ROOT}/Target Support Files/Pods-lhsplanner/Pods-lhsplanner-frameworks-${CONFIGURATION}-input-files.xcfilelist",
			);
			name = "[CP] Embed Pods Frameworks";
			outputFileListPaths = (
				"${PODS_ROOT}/Target Support Files/Pods-lhsplanner/Pods-lhsplanner-frameworks-${CONFIGURATION}-output-files.xcfilelist",
			);
			runOnlyForDeploymentPostprocessing = 0;
			shellPath = /bin/sh;
			shellScript = "\"${PODS_ROOT}/Target Support Files/Pods-lhsplanner/Pods-lhsplanner-frameworks.sh\"\n";
			showEnvVarsInLog = 0;
		};
		CBA9C417B8C3E4A0AE3F4269 /* [CP] Check Pods Manifest.lock */ = {
			isa = PBXShellScriptBuildPhase;
			buildActionMask = 2147483647;
			files = (
			);
			inputFileListPaths = (
			);
			inputPaths = (
				"${PODS_PODFILE_DIR_PATH}/Podfile.lock",
				"${PODS_ROOT}/Manifest.lock",
			);
			name = "[CP] Check Pods Manifest.lock";
			outputFileListPaths = (
			);
			outputPaths = (
				"$(DERIVED_FILE_DIR)/Pods-lhsplanner-checkManifestLockResult.txt",
			);
			runOnlyForDeploymentPostprocessing = 0;
			shellPath = /bin/sh;
			shellScript = "diff \"${PODS_PODFILE_DIR_PATH}/Podfile.lock\" \"${PODS_ROOT}/Manifest.lock\" > /dev/null\nif [ $? != 0 ] ; then\n    # print error to STDERR\n    echo \"error: The sandbox is not in sync with the Podfile.lock. Run 'pod install' or update your CocoaPods installation.\" >&2\n    exit 1\nfi\n# This output is used by Xcode 'outputs' to avoid re-running this script phase.\necho \"SUCCESS\" > \"${SCRIPT_OUTPUT_FILE_0}\"\n";
			showEnvVarsInLog = 0;
		};
		CC4D781D26696F92E22287A8 /* [CP] Copy Pods Resources */ = {
			isa = PBXShellScriptBuildPhase;
			buildActionMask = 2147483647;
			files = (
			);
			inputFileListPaths = (
				"${PODS_ROOT}/Target Support Files/Pods-lhsplanner/Pods-lhsplanner-resources-${CONFIGURATION}-input-files.xcfilelist",
			);
			name = "[CP] Copy Pods Resources";
			outputFileListPaths = (
				"${PODS_ROOT}/Target Support Files/Pods-lhsplanner/Pods-lhsplanner-resources-${CONFIGURATION}-output-files.xcfilelist",
			);
			runOnlyForDeploymentPostprocessing = 0;
			shellPath = /bin/sh;
			shellScript = "\"${PODS_ROOT}/Target Support Files/Pods-lhsplanner/Pods-lhsplanner-resources.sh\"\n";
			showEnvVarsInLog = 0;
		};
/* End PBXShellScriptBuildPhase section */

/* Begin PBXSourcesBuildPhase section */
		60C2281824E239EC00F065CA /* Sources */ = {
			isa = PBXSourcesBuildPhase;
			buildActionMask = 2147483647;
			files = (
				601EEF0224E44BF500F64E6F /* CreateAccountViewController.swift in Sources */,
				60A3902024E601470082CB9C /* DateToString.swift in Sources */,
				60A3902B24E6F2760082CB9C /* CoreDataHelper.swift in Sources */,
				60C2284024E2401C00F065CA /* LoginViewController.swift in Sources */,
				60C2282024E239EC00F065CA /* AppDelegate.swift in Sources */,
				60A3902424E62CFA0082CB9C /* User.swift in Sources */,
				6073906924E24EDA00A4DF50 /* SceneDelegate.swift in Sources */,
				60A3902224E60DFB0082CB9C /* StorageService.swift in Sources */,
				60C0FDDE24E5E594002EE8CA /* ListNotesTableViewCell.swift in Sources */,
				60C0FDDA24E5B3AD002EE8CA /* ListNotesTableViewController.swift in Sources */,
				60A3902624E64EB00082CB9C /* UserService.swift in Sources */,
				60C0FDDC24E5B43C002EE8CA /* DisplayNoteViewController.swift in Sources */,
				60C0FDD624E59A5C002EE8CA /* StoryboardAndUtility.swift in Sources */,
				60C0FDD424E598D7002EE8CA /* Constants.swift in Sources */,
				60A3902E24E704F20082CB9C /* Note.xcdatamodeld in Sources */,
			);
			runOnlyForDeploymentPostprocessing = 0;
		};
/* End PBXSourcesBuildPhase section */

/* Begin PBXVariantGroup section */
		60C2282524E239EC00F065CA /* Main.storyboard */ = {
			isa = PBXVariantGroup;
			children = (
				60C2282624E239EC00F065CA /* Base */,
			);
			name = Main.storyboard;
			sourceTree = "<group>";
		};
		60C2282A24E239EF00F065CA /* LaunchScreen.storyboard */ = {
			isa = PBXVariantGroup;
			children = (
				60C2282B24E239EF00F065CA /* Base */,
			);
			name = LaunchScreen.storyboard;
			sourceTree = "<group>";
		};
/* End PBXVariantGroup section */

/* Begin XCBuildConfiguration section */
		60C2282E24E239EF00F065CA /* Debug */ = {
			isa = XCBuildConfiguration;
			buildSettings = {
				ALWAYS_SEARCH_USER_PATHS = NO;
				CLANG_ANALYZER_NONNULL = YES;
				CLANG_ANALYZER_NUMBER_OBJECT_CONVERSION = YES_AGGRESSIVE;
				CLANG_CXX_LANGUAGE_STANDARD = "gnu++14";
				CLANG_CXX_LIBRARY = "libc++";
				CLANG_ENABLE_MODULES = YES;
				CLANG_ENABLE_OBJC_ARC = YES;
				CLANG_ENABLE_OBJC_WEAK = YES;
				CLANG_WARN_BLOCK_CAPTURE_AUTORELEASING = YES;
				CLANG_WARN_BOOL_CONVERSION = YES;
				CLANG_WARN_COMMA = YES;
				CLANG_WARN_CONSTANT_CONVERSION = YES;
				CLANG_WARN_DEPRECATED_OBJC_IMPLEMENTATIONS = YES;
				CLANG_WARN_DIRECT_OBJC_ISA_USAGE = YES_ERROR;
				CLANG_WARN_DOCUMENTATION_COMMENTS = YES;
				CLANG_WARN_EMPTY_BODY = YES;
				CLANG_WARN_ENUM_CONVERSION = YES;
				CLANG_WARN_INFINITE_RECURSION = YES;
				CLANG_WARN_INT_CONVERSION = YES;
				CLANG_WARN_NON_LITERAL_NULL_CONVERSION = YES;
				CLANG_WARN_OBJC_IMPLICIT_RETAIN_SELF = YES;
				CLANG_WARN_OBJC_LITERAL_CONVERSION = YES;
				CLANG_WARN_OBJC_ROOT_CLASS = YES_ERROR;
				CLANG_WARN_RANGE_LOOP_ANALYSIS = YES;
				CLANG_WARN_STRICT_PROTOTYPES = YES;
				CLANG_WARN_SUSPICIOUS_MOVE = YES;
				CLANG_WARN_UNGUARDED_AVAILABILITY = YES_AGGRESSIVE;
				CLANG_WARN_UNREACHABLE_CODE = YES;
				CLANG_WARN__DUPLICATE_METHOD_MATCH = YES;
				COPY_PHASE_STRIP = NO;
				DEBUG_INFORMATION_FORMAT = dwarf;
				ENABLE_STRICT_OBJC_MSGSEND = YES;
				ENABLE_TESTABILITY = YES;
				GCC_C_LANGUAGE_STANDARD = gnu11;
				GCC_DYNAMIC_NO_PIC = NO;
				GCC_NO_COMMON_BLOCKS = YES;
				GCC_OPTIMIZATION_LEVEL = 0;
				GCC_PREPROCESSOR_DEFINITIONS = (
					"DEBUG=1",
					"$(inherited)",
				);
				GCC_WARN_64_TO_32_BIT_CONVERSION = YES;
				GCC_WARN_ABOUT_RETURN_TYPE = YES_ERROR;
				GCC_WARN_UNDECLARED_SELECTOR = YES;
				GCC_WARN_UNINITIALIZED_AUTOS = YES_AGGRESSIVE;
				GCC_WARN_UNUSED_FUNCTION = YES;
				GCC_WARN_UNUSED_VARIABLE = YES;
				IPHONEOS_DEPLOYMENT_TARGET = 13.6;
				MTL_ENABLE_DEBUG_INFO = INCLUDE_SOURCE;
				MTL_FAST_MATH = YES;
				ONLY_ACTIVE_ARCH = YES;
				SDKROOT = iphoneos;
				SWIFT_ACTIVE_COMPILATION_CONDITIONS = DEBUG;
				SWIFT_OPTIMIZATION_LEVEL = "-Onone";
			};
			name = Debug;
		};
		60C2282F24E239EF00F065CA /* Release */ = {
			isa = XCBuildConfiguration;
			buildSettings = {
				ALWAYS_SEARCH_USER_PATHS = NO;
				CLANG_ANALYZER_NONNULL = YES;
				CLANG_ANALYZER_NUMBER_OBJECT_CONVERSION = YES_AGGRESSIVE;
				CLANG_CXX_LANGUAGE_STANDARD = "gnu++14";
				CLANG_CXX_LIBRARY = "libc++";
				CLANG_ENABLE_MODULES = YES;
				CLANG_ENABLE_OBJC_ARC = YES;
				CLANG_ENABLE_OBJC_WEAK = YES;
				CLANG_WARN_BLOCK_CAPTURE_AUTORELEASING = YES;
				CLANG_WARN_BOOL_CONVERSION = YES;
				CLANG_WARN_COMMA = YES;
				CLANG_WARN_CONSTANT_CONVERSION = YES;
				CLANG_WARN_DEPRECATED_OBJC_IMPLEMENTATIONS = YES;
				CLANG_WARN_DIRECT_OBJC_ISA_USAGE = YES_ERROR;
				CLANG_WARN_DOCUMENTATION_COMMENTS = YES;
				CLANG_WARN_EMPTY_BODY = YES;
				CLANG_WARN_ENUM_CONVERSION = YES;
				CLANG_WARN_INFINITE_RECURSION = YES;
				CLANG_WARN_INT_CONVERSION = YES;
				CLANG_WARN_NON_LITERAL_NULL_CONVERSION = YES;
				CLANG_WARN_OBJC_IMPLICIT_RETAIN_SELF = YES;
				CLANG_WARN_OBJC_LITERAL_CONVERSION = YES;
				CLANG_WARN_OBJC_ROOT_CLASS = YES_ERROR;
				CLANG_WARN_RANGE_LOOP_ANALYSIS = YES;
				CLANG_WARN_STRICT_PROTOTYPES = YES;
				CLANG_WARN_SUSPICIOUS_MOVE = YES;
				CLANG_WARN_UNGUARDED_AVAILABILITY = YES_AGGRESSIVE;
				CLANG_WARN_UNREACHABLE_CODE = YES;
				CLANG_WARN__DUPLICATE_METHOD_MATCH = YES;
				COPY_PHASE_STRIP = NO;
				DEBUG_INFORMATION_FORMAT = "dwarf-with-dsym";
				ENABLE_NS_ASSERTIONS = NO;
				ENABLE_STRICT_OBJC_MSGSEND = YES;
				GCC_C_LANGUAGE_STANDARD = gnu11;
				GCC_NO_COMMON_BLOCKS = YES;
				GCC_WARN_64_TO_32_BIT_CONVERSION = YES;
				GCC_WARN_ABOUT_RETURN_TYPE = YES_ERROR;
				GCC_WARN_UNDECLARED_SELECTOR = YES;
				GCC_WARN_UNINITIALIZED_AUTOS = YES_AGGRESSIVE;
				GCC_WARN_UNUSED_FUNCTION = YES;
				GCC_WARN_UNUSED_VARIABLE = YES;
				IPHONEOS_DEPLOYMENT_TARGET = 13.6;
				MTL_ENABLE_DEBUG_INFO = NO;
				MTL_FAST_MATH = YES;
				SDKROOT = iphoneos;
				SWIFT_COMPILATION_MODE = wholemodule;
				SWIFT_OPTIMIZATION_LEVEL = "-O";
				VALIDATE_PRODUCT = YES;
			};
			name = Release;
		};
		60C2283124E239EF00F065CA /* Debug */ = {
			isa = XCBuildConfiguration;
			baseConfigurationReference = 4C15C2E428C85C5409146326 /* Pods-lhsplanner.debug.xcconfig */;
			buildSettings = {
				ASSETCATALOG_COMPILER_APPICON_NAME = AppIcon;
				CODE_SIGN_STYLE = Automatic;
				DEVELOPMENT_TEAM = 3PMC3YXG63;
				INFOPLIST_FILE = "$(SRCROOT)/lhsplanner/Supporting Files/Info.plist";
				LD_RUNPATH_SEARCH_PATHS = (
					"$(inherited)",
					"@executable_path/Frameworks",
				);
				PRODUCT_BUNDLE_IDENTIFIER = com.caye.lhsplanner;
				PRODUCT_NAME = lhsplanner;
				SWIFT_VERSION = 5.0;
				TARGETED_DEVICE_FAMILY = "1,2";
			};
			name = Debug;
		};
		60C2283224E239EF00F065CA /* Release */ = {
			isa = XCBuildConfiguration;
			baseConfigurationReference = 583CACF58493C89966401E1C /* Pods-lhsplanner.release.xcconfig */;
			buildSettings = {
				ASSETCATALOG_COMPILER_APPICON_NAME = AppIcon;
				CODE_SIGN_STYLE = Automatic;
				DEVELOPMENT_TEAM = 3PMC3YXG63;
				INFOPLIST_FILE = "$(SRCROOT)/lhsplanner/Supporting Files/Info.plist";
				LD_RUNPATH_SEARCH_PATHS = (
					"$(inherited)",
					"@executable_path/Frameworks",
				);
				PRODUCT_BUNDLE_IDENTIFIER = com.caye.lhsplanner;
				PRODUCT_NAME = lhsplanner;
				SWIFT_VERSION = 5.0;
				TARGETED_DEVICE_FAMILY = "1,2";
			};
			name = Release;
		};
/* End XCBuildConfiguration section */

/* Begin XCConfigurationList section */
		60C2281724E239EC00F065CA /* Build configuration list for PBXProject "lhsplanner" */ = {
			isa = XCConfigurationList;
			buildConfigurations = (
				60C2282E24E239EF00F065CA /* Debug */,
				60C2282F24E239EF00F065CA /* Release */,
			);
			defaultConfigurationIsVisible = 0;
			defaultConfigurationName = Release;
		};
		60C2283024E239EF00F065CA /* Build configuration list for PBXNativeTarget "lhsplanner" */ = {
			isa = XCConfigurationList;
			buildConfigurations = (
				60C2283124E239EF00F065CA /* Debug */,
				60C2283224E239EF00F065CA /* Release */,
			);
			defaultConfigurationIsVisible = 0;
			defaultConfigurationName = Release;
		};
/* End XCConfigurationList section */

/* Begin XCVersionGroup section */
		60A3902C24E704F20082CB9C /* Note.xcdatamodeld */ = {
			isa = XCVersionGroup;
			children = (
				60A3902D24E704F20082CB9C /* Note.xcdatamodel */,
			);
			currentVersion = 60A3902D24E704F20082CB9C /* Note.xcdatamodel */;
			path = Note.xcdatamodeld;
			sourceTree = "<group>";
			versionGroupType = wrapper.xcdatamodel;
		};
/* End XCVersionGroup section */
	};
	rootObject = 60C2281424E239EC00F065CA /* Project object */;
}
